
Microsoft Visual Studio Solution File, Format Version 12.00
# Visual Studio Version 16
VisualStudioVersion = 16.0.31624.102
MinimumVisualStudioVersion = 10.0.40219.1
Project("{2150E333-8FDC-42A3-9474-1A3956D46DE8}") = "DX", "DX", "{5C76C335-9325-4E03-A0FD-8F8D63A9C56A}"
EndProject
Project("{8BC9CEB8-8B4A-11D0-8D11-00A0C91BC942}") = "JSHCore", "JSHCore\JSHCore.vcxproj", "{D4E47162-9BCC-49AD-9DD7-1CF4B2148F00}"
EndProject
Project("{2150E333-8FDC-42A3-9474-1A3956D46DE8}") = "Fbx", "Fbx", "{D842F7B1-6F8B-4F34-9BDA-284F8EB2FE8C}"
EndProject
Project("{8BC9CEB8-8B4A-11D0-8D11-00A0C91BC942}") = "FbxObject", "FbxObject\FbxObject.vcxproj", "{E3FEB3CB-6A30-4221-9520-1138A31E6043}"
EndProject
Project("{8BC9CEB8-8B4A-11D0-8D11-00A0C91BC942}") = "FbxObj", "FbxObj\FbxObj.vcxproj", "{DAFC3222-0866-45C5-9675-F257F8588C03}"
EndProject
Project("{8BC9CEB8-8B4A-11D0-8D11-00A0C91BC942}") = "FbxObjShip", "FbxObjShip\FbxObjShip.vcxproj", "{CF2830C8-84E0-4965-A40C-D06323E99B9B}"
EndProject
Project("{8BC9CEB8-8B4A-11D0-8D11-00A0C91BC942}") = "FbxTurret", "FbxTurret\FbxTurret.vcxproj", "{AA718364-E2F6-42AB-AB87-4486E3035685}"
EndProject
Project("{8BC9CEB8-8B4A-11D0-8D11-00A0C91BC942}") = "FbxAnimation", "FbxAnimation\FbxAnimation.vcxproj", "{0FC5E842-808C-4D85-8233-5F9A37F578AB}"
EndProject
Project("{8BC9CEB8-8B4A-11D0-8D11-00A0C91BC942}") = "FbxAnimation02", "FbxAnimation02\FbxAnimation02.vcxproj", "{837AC790-CEF0-4D4B-960C-5E485AF88D3F}"
EndProject
Project("{8BC9CEB8-8B4A-11D0-8D11-00A0C91BC942}") = "FbxAnimationMan", "FbxAnimationMan\FbxAnimationMan.vcxproj", "{5854707C-5B42-4A3E-80F7-307F91A8CE90}"
EndProject
Project("{8BC9CEB8-8B4A-11D0-8D11-00A0C91BC942}") = "FbxAnimationShadow", "FbxAnimationShadow\FbxAnimationShadow.vcxproj", "{100A73EB-F22F-4025-9CD8-1901DE0DAB7E}"
EndProject
Project("{8BC9CEB8-8B4A-11D0-8D11-00A0C91BC942}") = "FbxProjetionShadow", "FbxProjetionShadow\FbxProjetionShadow.vcxproj", "{C37A1FE2-5384-458A-8E84-F5D46E0DC720}"
EndProject
Project("{8BC9CEB8-8B4A-11D0-8D11-00A0C91BC942}") = "FbxDepthShadow", "FbxDepthShadow\FbxDepthShadow.vcxproj", "{C2F1CA44-02E5-45B2-9EB0-B99F9D9991A8}"
EndProject
Project("{8BC9CEB8-8B4A-11D0-8D11-00A0C91BC942}") = "Frusutm", "Frusutm\Frusutm.vcxproj", "{F07991CE-065F-476A-B0BD-C3C48BC7427A}"
EndProject
Project("{8BC9CEB8-8B4A-11D0-8D11-00A0C91BC942}") = "FbxStart", "FbxStart\FbxStart.vcxproj", "{4B4C6F4D-2CA7-489A-8FED-5BFE770FEDFD}"
EndProject
Project("{8BC9CEB8-8B4A-11D0-8D11-00A0C91BC942}") = "Fbx_01", "Fbx_01\Fbx_01.vcxproj", "{ECD697FB-2C85-423D-B971-E480E6878FAB}"
EndProject
Project("{8BC9CEB8-8B4A-11D0-8D11-00A0C91BC942}") = "FbxObj_01", "FbxObj_01\FbxObj_01.vcxproj", "{415B8187-A7D4-4B67-95CA-8B35626F3516}"
EndProject
Project("{8BC9CEB8-8B4A-11D0-8D11-00A0C91BC942}") = "PointLight", "PointLight\PointLight.vcxproj", "{9E370C14-AE70-46C1-A410-3B701DFC9120}"
EndProject
Project("{8BC9CEB8-8B4A-11D0-8D11-00A0C91BC942}") = "mousepicking", "mousepicking\mousepicking.vcxproj", "{FD543119-9492-46B2-BFB0-1FD179A1A96B}"
EndProject
Project("{8BC9CEB8-8B4A-11D0-8D11-00A0C91BC942}") = "ProjectionShadow", "ShadowSample\ShadowSample.vcxproj", "{0FB53832-7DD7-4D85-BDF2-9388BF1ADA5A}"
EndProject
Project("{8BC9CEB8-8B4A-11D0-8D11-00A0C91BC942}") = "FbxLoader", "FbxLoader\FbxLoader.vcxproj", "{CF7A2D26-6AB6-4217-B51D-F63C65997A72}"
EndProject
Project("{8BC9CEB8-8B4A-11D0-8D11-00A0C91BC942}") = "FbxLoader_01", "FbxLoader_01\FbxLoader_01.vcxproj", "{FE358049-4F74-4E11-AA84-74BA3358F69B}"
EndProject
Project("{8BC9CEB8-8B4A-11D0-8D11-00A0C91BC942}") = "Grade", "Student\Student.vcxproj", "{9B1819A9-092D-4CC3-A1E1-6DC84F40F2B2}"
EndProject
Project("{8BC9CEB8-8B4A-11D0-8D11-00A0C91BC942}") = "HightMap", "SampleMap\SampleMap.vcxproj", "{77CA553E-E954-4014-887D-66CE7BD9A7B5}"
EndProject
Global
	GlobalSection(SolutionConfigurationPlatforms) = preSolution
		Debug|x64 = Debug|x64
		Debug|x86 = Debug|x86
		Release|x64 = Release|x64
		Release|x86 = Release|x86
	EndGlobalSection
	GlobalSection(ProjectConfigurationPlatforms) = postSolution
		{D4E47162-9BCC-49AD-9DD7-1CF4B2148F00}.Debug|x64.ActiveCfg = Debug|x64
		{D4E47162-9BCC-49AD-9DD7-1CF4B2148F00}.Debug|x64.Build.0 = Debug|x64
		{D4E47162-9BCC-49AD-9DD7-1CF4B2148F00}.Debug|x86.ActiveCfg = Debug|Win32
		{D4E47162-9BCC-49AD-9DD7-1CF4B2148F00}.Debug|x86.Build.0 = Debug|Win32
		{D4E47162-9BCC-49AD-9DD7-1CF4B2148F00}.Release|x64.ActiveCfg = Release|x64
		{D4E47162-9BCC-49AD-9DD7-1CF4B2148F00}.Release|x64.Build.0 = Release|x64
		{D4E47162-9BCC-49AD-9DD7-1CF4B2148F00}.Release|x86.ActiveCfg = Release|Win32
		{D4E47162-9BCC-49AD-9DD7-1CF4B2148F00}.Release|x86.Build.0 = Release|Win32
		{E3FEB3CB-6A30-4221-9520-1138A31E6043}.Debug|x64.ActiveCfg = Debug|x64
		{E3FEB3CB-6A30-4221-9520-1138A31E6043}.Debug|x64.Build.0 = Debug|x64
		{E3FEB3CB-6A30-4221-9520-1138A31E6043}.Debug|x86.ActiveCfg = Debug|Win32
		{E3FEB3CB-6A30-4221-9520-1138A31E6043}.Debug|x86.Build.0 = Debug|Win32
		{E3FEB3CB-6A30-4221-9520-1138A31E6043}.Release|x64.ActiveCfg = Release|x64
		{E3FEB3CB-6A30-4221-9520-1138A31E6043}.Release|x64.Build.0 = Release|x64
		{E3FEB3CB-6A30-4221-9520-1138A31E6043}.Release|x86.ActiveCfg = Release|Win32
		{E3FEB3CB-6A30-4221-9520-1138A31E6043}.Release|x86.Build.0 = Release|Win32
		{DAFC3222-0866-45C5-9675-F257F8588C03}.Debug|x64.ActiveCfg = Debug|x64
		{DAFC3222-0866-45C5-9675-F257F8588C03}.Debug|x64.Build.0 = Debug|x64
		{DAFC3222-0866-45C5-9675-F257F8588C03}.Debug|x86.ActiveCfg = Debug|Win32
		{DAFC3222-0866-45C5-9675-F257F8588C03}.Debug|x86.Build.0 = Debug|Win32
		{DAFC3222-0866-45C5-9675-F257F8588C03}.Release|x64.ActiveCfg = Release|x64
		{DAFC3222-0866-45C5-9675-F257F8588C03}.Release|x64.Build.0 = Release|x64
		{DAFC3222-0866-45C5-9675-F257F8588C03}.Release|x86.ActiveCfg = Release|Win32
		{DAFC3222-0866-45C5-9675-F257F8588C03}.Release|x86.Build.0 = Release|Win32
		{CF2830C8-84E0-4965-A40C-D06323E99B9B}.Debug|x64.ActiveCfg = Debug|x64
		{CF2830C8-84E0-4965-A40C-D06323E99B9B}.Debug|x64.Build.0 = Debug|x64
		{CF2830C8-84E0-4965-A40C-D06323E99B9B}.Debug|x86.ActiveCfg = Debug|Win32
		{CF2830C8-84E0-4965-A40C-D06323E99B9B}.Debug|x86.Build.0 = Debug|Win32
		{CF2830C8-84E0-4965-A40C-D06323E99B9B}.Release|x64.ActiveCfg = Release|x64
		{CF2830C8-84E0-4965-A40C-D06323E99B9B}.Release|x64.Build.0 = Release|x64
		{CF2830C8-84E0-4965-A40C-D06323E99B9B}.Release|x86.ActiveCfg = Release|Win32
		{CF2830C8-84E0-4965-A40C-D06323E99B9B}.Release|x86.Build.0 = Release|Win32
		{AA718364-E2F6-42AB-AB87-4486E3035685}.Debug|x64.ActiveCfg = Debug|x64
		{AA718364-E2F6-42AB-AB87-4486E3035685}.Debug|x64.Build.0 = Debug|x64
		{AA718364-E2F6-42AB-AB87-4486E3035685}.Debug|x86.ActiveCfg = Debug|Win32
		{AA718364-E2F6-42AB-AB87-4486E3035685}.Debug|x86.Build.0 = Debug|Win32
		{AA718364-E2F6-42AB-AB87-4486E3035685}.Release|x64.ActiveCfg = Release|x64
		{AA718364-E2F6-42AB-AB87-4486E3035685}.Release|x64.Build.0 = Release|x64
		{AA718364-E2F6-42AB-AB87-4486E3035685}.Release|x86.ActiveCfg = Release|Win32
		{AA718364-E2F6-42AB-AB87-4486E3035685}.Release|x86.Build.0 = Release|Win32
		{0FC5E842-808C-4D85-8233-5F9A37F578AB}.Debug|x64.ActiveCfg = Debug|x64
		{0FC5E842-808C-4D85-8233-5F9A37F578AB}.Debug|x64.Build.0 = Debug|x64
		{0FC5E842-808C-4D85-8233-5F9A37F578AB}.Debug|x86.ActiveCfg = Debug|Win32
		{0FC5E842-808C-4D85-8233-5F9A37F578AB}.Debug|x86.Build.0 = Debug|Win32
		{0FC5E842-808C-4D85-8233-5F9A37F578AB}.Release|x64.ActiveCfg = Release|x64
		{0FC5E842-808C-4D85-8233-5F9A37F578AB}.Release|x64.Build.0 = Release|x64
		{0FC5E842-808C-4D85-8233-5F9A37F578AB}.Release|x86.ActiveCfg = Release|Win32
		{0FC5E842-808C-4D85-8233-5F9A37F578AB}.Release|x86.Build.0 = Release|Win32
		{837AC790-CEF0-4D4B-960C-5E485AF88D3F}.Debug|x64.ActiveCfg = Debug|x64
		{837AC790-CEF0-4D4B-960C-5E485AF88D3F}.Debug|x64.Build.0 = Debug|x64
		{837AC790-CEF0-4D4B-960C-5E485AF88D3F}.Debug|x86.ActiveCfg = Debug|Win32
		{837AC790-CEF0-4D4B-960C-5E485AF88D3F}.Debug|x86.Build.0 = Debug|Win32
		{837AC790-CEF0-4D4B-960C-5E485AF88D3F}.Release|x64.ActiveCfg = Release|x64
		{837AC790-CEF0-4D4B-960C-5E485AF88D3F}.Release|x64.Build.0 = Release|x64
		{837AC790-CEF0-4D4B-960C-5E485AF88D3F}.Release|x86.ActiveCfg = Release|Win32
		{837AC790-CEF0-4D4B-960C-5E485AF88D3F}.Release|x86.Build.0 = Release|Win32
		{5854707C-5B42-4A3E-80F7-307F91A8CE90}.Debug|x64.ActiveCfg = Debug|x64
		{5854707C-5B42-4A3E-80F7-307F91A8CE90}.Debug|x64.Build.0 = Debug|x64
		{5854707C-5B42-4A3E-80F7-307F91A8CE90}.Debug|x86.ActiveCfg = Debug|Win32
		{5854707C-5B42-4A3E-80F7-307F91A8CE90}.Debug|x86.Build.0 = Debug|Win32
		{5854707C-5B42-4A3E-80F7-307F91A8CE90}.Release|x64.ActiveCfg = Release|x64
		{5854707C-5B42-4A3E-80F7-307F91A8CE90}.Release|x64.Build.0 = Release|x64
		{5854707C-5B42-4A3E-80F7-307F91A8CE90}.Release|x86.ActiveCfg = Release|Win32
		{5854707C-5B42-4A3E-80F7-307F91A8CE90}.Release|x86.Build.0 = Release|Win32
		{100A73EB-F22F-4025-9CD8-1901DE0DAB7E}.Debug|x64.ActiveCfg = Debug|x64
		{100A73EB-F22F-4025-9CD8-1901DE0DAB7E}.Debug|x64.Build.0 = Debug|x64
		{100A73EB-F22F-4025-9CD8-1901DE0DAB7E}.Debug|x86.ActiveCfg = Debug|Win32
		{100A73EB-F22F-4025-9CD8-1901DE0DAB7E}.Debug|x86.Build.0 = Debug|Win32
		{100A73EB-F22F-4025-9CD8-1901DE0DAB7E}.Release|x64.ActiveCfg = Release|x64
		{100A73EB-F22F-4025-9CD8-1901DE0DAB7E}.Release|x64.Build.0 = Release|x64
		{100A73EB-F22F-4025-9CD8-1901DE0DAB7E}.Release|x86.ActiveCfg = Release|Win32
		{100A73EB-F22F-4025-9CD8-1901DE0DAB7E}.Release|x86.Build.0 = Release|Win32
		{C37A1FE2-5384-458A-8E84-F5D46E0DC720}.Debug|x64.ActiveCfg = Debug|x64
		{C37A1FE2-5384-458A-8E84-F5D46E0DC720}.Debug|x64.Build.0 = Debug|x64
		{C37A1FE2-5384-458A-8E84-F5D46E0DC720}.Debug|x86.ActiveCfg = Debug|Win32
		{C37A1FE2-5384-458A-8E84-F5D46E0DC720}.Debug|x86.Build.0 = Debug|Win32
		{C37A1FE2-5384-458A-8E84-F5D46E0DC720}.Release|x64.ActiveCfg = Release|x64
		{C37A1FE2-5384-458A-8E84-F5D46E0DC720}.Release|x64.Build.0 = Release|x64
		{C37A1FE2-5384-458A-8E84-F5D46E0DC720}.Release|x86.ActiveCfg = Release|Win32
		{C37A1FE2-5384-458A-8E84-F5D46E0DC720}.Release|x86.Build.0 = Release|Win32
		{C2F1CA44-02E5-45B2-9EB0-B99F9D9991A8}.Debug|x64.ActiveCfg = Debug|x64
		{C2F1CA44-02E5-45B2-9EB0-B99F9D9991A8}.Debug|x64.Build.0 = Debug|x64
		{C2F1CA44-02E5-45B2-9EB0-B99F9D9991A8}.Debug|x86.ActiveCfg = Debug|Win32
		{C2F1CA44-02E5-45B2-9EB0-B99F9D9991A8}.Debug|x86.Build.0 = Debug|Win32
		{C2F1CA44-02E5-45B2-9EB0-B99F9D9991A8}.Release|x64.ActiveCfg = Release|x64
		{C2F1CA44-02E5-45B2-9EB0-B99F9D9991A8}.Release|x64.Build.0 = Release|x64
		{C2F1CA44-02E5-45B2-9EB0-B99F9D9991A8}.Release|x86.ActiveCfg = Release|Win32
		{C2F1CA44-02E5-45B2-9EB0-B99F9D9991A8}.Release|x86.Build.0 = Release|Win32
		{F07991CE-065F-476A-B0BD-C3C48BC7427A}.Debug|x64.ActiveCfg = Debug|x64
		{F07991CE-065F-476A-B0BD-C3C48BC7427A}.Debug|x64.Build.0 = Debug|x64
		{F07991CE-065F-476A-B0BD-C3C48BC7427A}.Debug|x86.ActiveCfg = Debug|Win32
		{F07991CE-065F-476A-B0BD-C3C48BC7427A}.Debug|x86.Build.0 = Debug|Win32
		{F07991CE-065F-476A-B0BD-C3C48BC7427A}.Release|x64.ActiveCfg = Release|x64
		{F07991CE-065F-476A-B0BD-C3C48BC7427A}.Release|x64.Build.0 = Release|x64
		{F07991CE-065F-476A-B0BD-C3C48BC7427A}.Release|x86.ActiveCfg = Release|Win32
		{F07991CE-065F-476A-B0BD-C3C48BC7427A}.Release|x86.Build.0 = Release|Win32
		{4B4C6F4D-2CA7-489A-8FED-5BFE770FEDFD}.Debug|x64.ActiveCfg = Debug|x64
		{4B4C6F4D-2CA7-489A-8FED-5BFE770FEDFD}.Debug|x64.Build.0 = Debug|x64
		{4B4C6F4D-2CA7-489A-8FED-5BFE770FEDFD}.Debug|x86.ActiveCfg = Debug|Win32
		{4B4C6F4D-2CA7-489A-8FED-5BFE770FEDFD}.Debug|x86.Build.0 = Debug|Win32
		{4B4C6F4D-2CA7-489A-8FED-5BFE770FEDFD}.Release|x64.ActiveCfg = Release|x64
		{4B4C6F4D-2CA7-489A-8FED-5BFE770FEDFD}.Release|x64.Build.0 = Release|x64
		{4B4C6F4D-2CA7-489A-8FED-5BFE770FEDFD}.Release|x86.ActiveCfg = Release|Win32
		{4B4C6F4D-2CA7-489A-8FED-5BFE770FEDFD}.Release|x86.Build.0 = Release|Win32
		{ECD697FB-2C85-423D-B971-E480E6878FAB}.Debug|x64.ActiveCfg = Debug|x64
		{ECD697FB-2C85-423D-B971-E480E6878FAB}.Debug|x64.Build.0 = Debug|x64
		{ECD697FB-2C85-423D-B971-E480E6878FAB}.Debug|x86.ActiveCfg = Debug|Win32
		{ECD697FB-2C85-423D-B971-E480E6878FAB}.Debug|x86.Build.0 = Debug|Win32
		{ECD697FB-2C85-423D-B971-E480E6878FAB}.Release|x64.ActiveCfg = Release|x64
		{ECD697FB-2C85-423D-B971-E480E6878FAB}.Release|x64.Build.0 = Release|x64
		{ECD697FB-2C85-423D-B971-E480E6878FAB}.Release|x86.ActiveCfg = Release|Win32
		{ECD697FB-2C85-423D-B971-E480E6878FAB}.Release|x86.Build.0 = Release|Win32
		{415B8187-A7D4-4B67-95CA-8B35626F3516}.Debug|x64.ActiveCfg = Debug|x64
		{415B8187-A7D4-4B67-95CA-8B35626F3516}.Debug|x64.Build.0 = Debug|x64
		{415B8187-A7D4-4B67-95CA-8B35626F3516}.Debug|x86.ActiveCfg = Debug|Win32
		{415B8187-A7D4-4B67-95CA-8B35626F3516}.Debug|x86.Build.0 = Debug|Win32
		{415B8187-A7D4-4B67-95CA-8B35626F3516}.Release|x64.ActiveCfg = Release|x64
		{415B8187-A7D4-4B67-95CA-8B35626F3516}.Release|x64.Build.0 = Release|x64
		{415B8187-A7D4-4B67-95CA-8B35626F3516}.Release|x86.ActiveCfg = Release|Win32
		{415B8187-A7D4-4B67-95CA-8B35626F3516}.Release|x86.Build.0 = Release|Win32
		{9E370C14-AE70-46C1-A410-3B701DFC9120}.Debug|x64.ActiveCfg = Debug|x64
		{9E370C14-AE70-46C1-A410-3B701DFC9120}.Debug|x64.Build.0 = Debug|x64
		{9E370C14-AE70-46C1-A410-3B701DFC9120}.Debug|x86.ActiveCfg = Debug|Win32
		{9E370C14-AE70-46C1-A410-3B701DFC9120}.Debug|x86.Build.0 = Debug|Win32
		{9E370C14-AE70-46C1-A410-3B701DFC9120}.Release|x64.ActiveCfg = Release|x64
		{9E370C14-AE70-46C1-A410-3B701DFC9120}.Release|x64.Build.0 = Release|x64
		{9E370C14-AE70-46C1-A410-3B701DFC9120}.Release|x86.ActiveCfg = Release|Win32
		{9E370C14-AE70-46C1-A410-3B701DFC9120}.Release|x86.Build.0 = Release|Win32
		{FD543119-9492-46B2-BFB0-1FD179A1A96B}.Debug|x64.ActiveCfg = Debug|x64
		{FD543119-9492-46B2-BFB0-1FD179A1A96B}.Debug|x64.Build.0 = Debug|x64
		{FD543119-9492-46B2-BFB0-1FD179A1A96B}.Debug|x86.ActiveCfg = Debug|Win32
		{FD543119-9492-46B2-BFB0-1FD179A1A96B}.Debug|x86.Build.0 = Debug|Win32
		{FD543119-9492-46B2-BFB0-1FD179A1A96B}.Release|x64.ActiveCfg = Release|x64
		{FD543119-9492-46B2-BFB0-1FD179A1A96B}.Release|x64.Build.0 = Release|x64
		{FD543119-9492-46B2-BFB0-1FD179A1A96B}.Release|x86.ActiveCfg = Release|Win32
		{FD543119-9492-46B2-BFB0-1FD179A1A96B}.Release|x86.Build.0 = Release|Win32
		{0FB53832-7DD7-4D85-BDF2-9388BF1ADA5A}.Debug|x64.ActiveCfg = Debug|x64
		{0FB53832-7DD7-4D85-BDF2-9388BF1ADA5A}.Debug|x64.Build.0 = Debug|x64
		{0FB53832-7DD7-4D85-BDF2-9388BF1ADA5A}.Debug|x86.ActiveCfg = Debug|Win32
		{0FB53832-7DD7-4D85-BDF2-9388BF1ADA5A}.Debug|x86.Build.0 = Debug|Win32
		{0FB53832-7DD7-4D85-BDF2-9388BF1ADA5A}.Release|x64.ActiveCfg = Release|x64
		{0FB53832-7DD7-4D85-BDF2-9388BF1ADA5A}.Release|x64.Build.0 = Release|x64
		{0FB53832-7DD7-4D85-BDF2-9388BF1ADA5A}.Release|x86.ActiveCfg = Release|Win32
		{0FB53832-7DD7-4D85-BDF2-9388BF1ADA5A}.Release|x86.Build.0 = Release|Win32
		{CF7A2D26-6AB6-4217-B51D-F63C65997A72}.Debug|x64.ActiveCfg = Debug|x64
		{CF7A2D26-6AB6-4217-B51D-F63C65997A72}.Debug|x64.Build.0 = Debug|x64
		{CF7A2D26-6AB6-4217-B51D-F63C65997A72}.Debug|x86.ActiveCfg = Debug|Win32
		{CF7A2D26-6AB6-4217-B51D-F63C65997A72}.Debug|x86.Build.0 = Debug|Win32
		{CF7A2D26-6AB6-4217-B51D-F63C65997A72}.Release|x64.ActiveCfg = Release|x64
		{CF7A2D26-6AB6-4217-B51D-F63C65997A72}.Release|x64.Build.0 = Release|x64
		{CF7A2D26-6AB6-4217-B51D-F63C65997A72}.Release|x86.ActiveCfg = Release|Win32
		{CF7A2D26-6AB6-4217-B51D-F63C65997A72}.Release|x86.Build.0 = Release|Win32
		{FE358049-4F74-4E11-AA84-74BA3358F69B}.Debug|x64.ActiveCfg = Debug|x64
		{FE358049-4F74-4E11-AA84-74BA3358F69B}.Debug|x64.Build.0 = Debug|x64
		{FE358049-4F74-4E11-AA84-74BA3358F69B}.Debug|x86.ActiveCfg = Debug|Win32
		{FE358049-4F74-4E11-AA84-74BA3358F69B}.Debug|x86.Build.0 = Debug|Win32
		{FE358049-4F74-4E11-AA84-74BA3358F69B}.Release|x64.ActiveCfg = Release|x64
		{FE358049-4F74-4E11-AA84-74BA3358F69B}.Release|x64.Build.0 = Release|x64
		{FE358049-4F74-4E11-AA84-74BA3358F69B}.Release|x86.ActiveCfg = Release|Win32
		{FE358049-4F74-4E11-AA84-74BA3358F69B}.Release|x86.Build.0 = Release|Win32
		{9B1819A9-092D-4CC3-A1E1-6DC84F40F2B2}.Debug|x64.ActiveCfg = Debug|x64
		{9B1819A9-092D-4CC3-A1E1-6DC84F40F2B2}.Debug|x64.Build.0 = Debug|x64
		{9B1819A9-092D-4CC3-A1E1-6DC84F40F2B2}.Debug|x86.ActiveCfg = Debug|Win32
		{9B1819A9-092D-4CC3-A1E1-6DC84F40F2B2}.Debug|x86.Build.0 = Debug|Win32
		{9B1819A9-092D-4CC3-A1E1-6DC84F40F2B2}.Release|x64.ActiveCfg = Release|x64
		{9B1819A9-092D-4CC3-A1E1-6DC84F40F2B2}.Release|x64.Build.0 = Release|x64
		{9B1819A9-092D-4CC3-A1E1-6DC84F40F2B2}.Release|x86.ActiveCfg = Release|Win32
		{9B1819A9-092D-4CC3-A1E1-6DC84F40F2B2}.Release|x86.Build.0 = Release|Win32
		{77CA553E-E954-4014-887D-66CE7BD9A7B5}.Debug|x64.ActiveCfg = Debug|x64
		{77CA553E-E954-4014-887D-66CE7BD9A7B5}.Debug|x64.Build.0 = Debug|x64
		{77CA553E-E954-4014-887D-66CE7BD9A7B5}.Debug|x86.ActiveCfg = Debug|Win32
		{77CA553E-E954-4014-887D-66CE7BD9A7B5}.Debug|x86.Build.0 = Debug|Win32
		{77CA553E-E954-4014-887D-66CE7BD9A7B5}.Release|x64.ActiveCfg = Release|x64
		{77CA553E-E954-4014-887D-66CE7BD9A7B5}.Release|x64.Build.0 = Release|x64
		{77CA553E-E954-4014-887D-66CE7BD9A7B5}.Release|x86.ActiveCfg = Release|Win32
		{77CA553E-E954-4014-887D-66CE7BD9A7B5}.Release|x86.Build.0 = Release|Win32
	EndGlobalSection
	GlobalSection(SolutionProperties) = preSolution
		HideSolutionNode = FALSE
	EndGlobalSection
	GlobalSection(NestedProjects) = preSolution
		{D4E47162-9BCC-49AD-9DD7-1CF4B2148F00} = {5C76C335-9325-4E03-A0FD-8F8D63A9C56A}
		{E3FEB3CB-6A30-4221-9520-1138A31E6043} = {D842F7B1-6F8B-4F34-9BDA-284F8EB2FE8C}
		{DAFC3222-0866-45C5-9675-F257F8588C03} = {D842F7B1-6F8B-4F34-9BDA-284F8EB2FE8C}
		{CF2830C8-84E0-4965-A40C-D06323E99B9B} = {D842F7B1-6F8B-4F34-9BDA-284F8EB2FE8C}
		{AA718364-E2F6-42AB-AB87-4486E3035685} = {D842F7B1-6F8B-4F34-9BDA-284F8EB2FE8C}
		{0FC5E842-808C-4D85-8233-5F9A37F578AB} = {D842F7B1-6F8B-4F34-9BDA-284F8EB2FE8C}
		{837AC790-CEF0-4D4B-960C-5E485AF88D3F} = {D842F7B1-6F8B-4F34-9BDA-284F8EB2FE8C}
		{5854707C-5B42-4A3E-80F7-307F91A8CE90} = {D842F7B1-6F8B-4F34-9BDA-284F8EB2FE8C}
		{100A73EB-F22F-4025-9CD8-1901DE0DAB7E} = {D842F7B1-6F8B-4F34-9BDA-284F8EB2FE8C}
		{C37A1FE2-5384-458A-8E84-F5D46E0DC720} = {D842F7B1-6F8B-4F34-9BDA-284F8EB2FE8C}
		{C2F1CA44-02E5-45B2-9EB0-B99F9D9991A8} = {D842F7B1-6F8B-4F34-9BDA-284F8EB2FE8C}
		{4B4C6F4D-2CA7-489A-8FED-5BFE770FEDFD} = {D842F7B1-6F8B-4F34-9BDA-284F8EB2FE8C}
		{ECD697FB-2C85-423D-B971-E480E6878FAB} = {D842F7B1-6F8B-4F34-9BDA-284F8EB2FE8C}
		{415B8187-A7D4-4B67-95CA-8B35626F3516} = {D842F7B1-6F8B-4F34-9BDA-284F8EB2FE8C}
		{CF7A2D26-6AB6-4217-B51D-F63C65997A72} = {D842F7B1-6F8B-4F34-9BDA-284F8EB2FE8C}
		{FE358049-4F74-4E11-AA84-74BA3358F69B} = {D842F7B1-6F8B-4F34-9BDA-284F8EB2FE8C}
	EndGlobalSection
	GlobalSection(ExtensibilityGlobals) = postSolution
		SolutionGuid = {705F5CF8-4550-4484-82C6-0186CC99109D}
	EndGlobalSection
EndGlobal
